// !$*UTF8*$!
{
	archiveVersion = 1;
	classes = {
	};
	objectVersion = 50;
	objects = {

/* Begin PBXBuildFile section */
		FA562ED425F645F500E23654 /* LogoView.swift in Sources */ = {isa = PBXBuildFile; fileRef = FA562ED325F645F500E23654 /* LogoView.swift */; };
		FA562ED925F646D200E23654 /* Modifiers.swift in Sources */ = {isa = PBXBuildFile; fileRef = FA562ED825F646D200E23654 /* Modifiers.swift */; };
		FA562EDE25F65CC500E23654 /* Extensions.swift in Sources */ = {isa = PBXBuildFile; fileRef = FA562EDD25F65CC500E23654 /* Extensions.swift */; };
		FA562EE325F6870400E23654 /* ReelView.swift in Sources */ = {isa = PBXBuildFile; fileRef = FA562EE225F6870400E23654 /* ReelView.swift */; };
		FA562EE825F6ACC800E23654 /* InfoView.swift in Sources */ = {isa = PBXBuildFile; fileRef = FA562EE725F6ACC800E23654 /* InfoView.swift */; };
		FA7BBF8625D9B87600478EEA /* AppDelegate.swift in Sources */ = {isa = PBXBuildFile; fileRef = FA7BBF8525D9B87600478EEA /* AppDelegate.swift */; };
		FA7BBF8825D9B87600478EEA /* SceneDelegate.swift in Sources */ = {isa = PBXBuildFile; fileRef = FA7BBF8725D9B87600478EEA /* SceneDelegate.swift */; };
		FA7BBF8A25D9B87600478EEA /* ContentView.swift in Sources */ = {isa = PBXBuildFile; fileRef = FA7BBF8925D9B87600478EEA /* ContentView.swift */; };
		FA7BBF8C25D9B87900478EEA /* Assets.xcassets in Resources */ = {isa = PBXBuildFile; fileRef = FA7BBF8B25D9B87900478EEA /* Assets.xcassets */; };
		FA7BBF8F25D9B87900478EEA /* Preview Assets.xcassets in Resources */ = {isa = PBXBuildFile; fileRef = FA7BBF8E25D9B87900478EEA /* Preview Assets.xcassets */; };
		FA7BBF9225D9B87900478EEA /* LaunchScreen.storyboard in Resources */ = {isa = PBXBuildFile; fileRef = FA7BBF9025D9B87900478EEA /* LaunchScreen.storyboard */; };
		FA7BBF9D25D9B87900478EEA /* Slot_MachineTests.swift in Sources */ = {isa = PBXBuildFile; fileRef = FA7BBF9C25D9B87900478EEA /* Slot_MachineTests.swift */; };
		FA7BBFA825D9B87900478EEA /* Slot_MachineUITests.swift in Sources */ = {isa = PBXBuildFile; fileRef = FA7BBFA725D9B87900478EEA /* Slot_MachineUITests.swift */; };
		FAB1977925E14670000815C2 /* background-music.mp3 in Resources */ = {isa = PBXBuildFile; fileRef = FAB1977125E14670000815C2 /* background-music.mp3 */; };
		FAB1977A25E14670000815C2 /* chimeup.mp3 in Resources */ = {isa = PBXBuildFile; fileRef = FAB1977225E14670000815C2 /* chimeup.mp3 */; };
		FAB1977B25E14670000815C2 /* casino-chips.mp3 in Resources */ = {isa = PBXBuildFile; fileRef = FAB1977325E14670000815C2 /* casino-chips.mp3 */; };
		FAB1977C25E14670000815C2 /* spin.mp3 in Resources */ = {isa = PBXBuildFile; fileRef = FAB1977425E14670000815C2 /* spin.mp3 */; };
		FAB1977D25E14670000815C2 /* win.mp3 in Resources */ = {isa = PBXBuildFile; fileRef = FAB1977525E14670000815C2 /* win.mp3 */; };
		FAB1977E25E14670000815C2 /* game-over.mp3 in Resources */ = {isa = PBXBuildFile; fileRef = FAB1977625E14670000815C2 /* game-over.mp3 */; };
		FAB1977F25E14670000815C2 /* high-score.mp3 in Resources */ = {isa = PBXBuildFile; fileRef = FAB1977725E14670000815C2 /* high-score.mp3 */; };
		FAB1978025E14670000815C2 /* riseup.mp3 in Resources */ = {isa = PBXBuildFile; fileRef = FAB1977825E14670000815C2 /* riseup.mp3 */; };
/* End PBXBuildFile section */

/* Begin PBXContainerItemProxy section */
		FA7BBF9925D9B87900478EEA /* PBXContainerItemProxy */ = {
			isa = PBXContainerItemProxy;
			containerPortal = FA7BBF7A25D9B87600478EEA /* Project object */;
			proxyType = 1;
			remoteGlobalIDString = FA7BBF8125D9B87600478EEA;
			remoteInfo = "Slot Machine";
		};
		FA7BBFA425D9B87900478EEA /* PBXContainerItemProxy */ = {
			isa = PBXContainerItemProxy;
			containerPortal = FA7BBF7A25D9B87600478EEA /* Project object */;
			proxyType = 1;
			remoteGlobalIDString = FA7BBF8125D9B87600478EEA;
			remoteInfo = "Slot Machine";
		};
/* End PBXContainerItemProxy section */

/* Begin PBXFileReference section */
		FA562ED325F645F500E23654 /* LogoView.swift */ = {isa = PBXFileReference; lastKnownFileType = sourcecode.swift; path = LogoView.swift; sourceTree = "<group>"; };
		FA562ED825F646D200E23654 /* Modifiers.swift */ = {isa = PBXFileReference; lastKnownFileType = sourcecode.swift; path = Modifiers.swift; sourceTree = "<group>"; };
		FA562EDD25F65CC500E23654 /* Extensions.swift */ = {isa = PBXFileReference; lastKnownFileType = sourcecode.swift; path = Extensions.swift; sourceTree = "<group>"; };
		FA562EE225F6870400E23654 /* ReelView.swift */ = {isa = PBXFileReference; lastKnownFileType = sourcecode.swift; path = ReelView.swift; sourceTree = "<group>"; };
		FA562EE725F6ACC800E23654 /* InfoView.swift */ = {isa = PBXFileReference; lastKnownFileType = sourcecode.swift; path = InfoView.swift; sourceTree = "<group>"; };
		FA7BBF8225D9B87600478EEA /* Slot Machine.app */ = {isa = PBXFileReference; explicitFileType = wrapper.application; includeInIndex = 0; path = "Slot Machine.app"; sourceTree = BUILT_PRODUCTS_DIR; };
		FA7BBF8525D9B87600478EEA /* AppDelegate.swift */ = {isa = PBXFileReference; lastKnownFileType = sourcecode.swift; path = AppDelegate.swift; sourceTree = "<group>"; };
		FA7BBF8725D9B87600478EEA /* SceneDelegate.swift */ = {isa = PBXFileReference; lastKnownFileType = sourcecode.swift; path = SceneDelegate.swift; sourceTree = "<group>"; };
		FA7BBF8925D9B87600478EEA /* ContentView.swift */ = {isa = PBXFileReference; lastKnownFileType = sourcecode.swift; path = ContentView.swift; sourceTree = "<group>"; };
		FA7BBF8B25D9B87900478EEA /* Assets.xcassets */ = {isa = PBXFileReference; lastKnownFileType = folder.assetcatalog; path = Assets.xcassets; sourceTree = "<group>"; };
		FA7BBF8E25D9B87900478EEA /* Preview Assets.xcassets */ = {isa = PBXFileReference; lastKnownFileType = folder.assetcatalog; path = "Preview Assets.xcassets"; sourceTree = "<group>"; };
		FA7BBF9125D9B87900478EEA /* Base */ = {isa = PBXFileReference; lastKnownFileType = file.storyboard; name = Base; path = Base.lproj/LaunchScreen.storyboard; sourceTree = "<group>"; };
		FA7BBF9325D9B87900478EEA /* Info.plist */ = {isa = PBXFileReference; lastKnownFileType = text.plist.xml; path = Info.plist; sourceTree = "<group>"; };
		FA7BBF9825D9B87900478EEA /* Slot MachineTests.xctest */ = {isa = PBXFileReference; explicitFileType = wrapper.cfbundle; includeInIndex = 0; path = "Slot MachineTests.xctest"; sourceTree = BUILT_PRODUCTS_DIR; };
		FA7BBF9C25D9B87900478EEA /* Slot_MachineTests.swift */ = {isa = PBXFileReference; lastKnownFileType = sourcecode.swift; path = Slot_MachineTests.swift; sourceTree = "<group>"; };
		FA7BBF9E25D9B87900478EEA /* Info.plist */ = {isa = PBXFileReference; lastKnownFileType = text.plist.xml; path = Info.plist; sourceTree = "<group>"; };
		FA7BBFA325D9B87900478EEA /* Slot MachineUITests.xctest */ = {isa = PBXFileReference; explicitFileType = wrapper.cfbundle; includeInIndex = 0; path = "Slot MachineUITests.xctest"; sourceTree = BUILT_PRODUCTS_DIR; };
		FA7BBFA725D9B87900478EEA /* Slot_MachineUITests.swift */ = {isa = PBXFileReference; lastKnownFileType = sourcecode.swift; path = Slot_MachineUITests.swift; sourceTree = "<group>"; };
		FA7BBFA925D9B87900478EEA /* Info.plist */ = {isa = PBXFileReference; lastKnownFileType = text.plist.xml; path = Info.plist; sourceTree = "<group>"; };
		FAB1977125E14670000815C2 /* background-music.mp3 */ = {isa = PBXFileReference; lastKnownFileType = audio.mp3; path = "background-music.mp3"; sourceTree = "<group>"; };
		FAB1977225E14670000815C2 /* chimeup.mp3 */ = {isa = PBXFileReference; lastKnownFileType = audio.mp3; path = chimeup.mp3; sourceTree = "<group>"; };
		FAB1977325E14670000815C2 /* casino-chips.mp3 */ = {isa = PBXFileReference; lastKnownFileType = audio.mp3; path = "casino-chips.mp3"; sourceTree = "<group>"; };
		FAB1977425E14670000815C2 /* spin.mp3 */ = {isa = PBXFileReference; lastKnownFileType = audio.mp3; path = spin.mp3; sourceTree = "<group>"; };
		FAB1977525E14670000815C2 /* win.mp3 */ = {isa = PBXFileReference; lastKnownFileType = audio.mp3; path = win.mp3; sourceTree = "<group>"; };
		FAB1977625E14670000815C2 /* game-over.mp3 */ = {isa = PBXFileReference; lastKnownFileType = audio.mp3; path = "game-over.mp3"; sourceTree = "<group>"; };
		FAB1977725E14670000815C2 /* high-score.mp3 */ = {isa = PBXFileReference; lastKnownFileType = audio.mp3; path = "high-score.mp3"; sourceTree = "<group>"; };
		FAB1977825E14670000815C2 /* riseup.mp3 */ = {isa = PBXFileReference; lastKnownFileType = audio.mp3; path = riseup.mp3; sourceTree = "<group>"; };
/* End PBXFileReference section */

/* Begin PBXFrameworksBuildPhase section */
		FA7BBF7F25D9B87600478EEA /* Frameworks */ = {
			isa = PBXFrameworksBuildPhase;
			buildActionMask = 2147483647;
			files = (
			);
			runOnlyForDeploymentPostprocessing = 0;
		};
		FA7BBF9525D9B87900478EEA /* Frameworks */ = {
			isa = PBXFrameworksBuildPhase;
			buildActionMask = 2147483647;
			files = (
			);
			runOnlyForDeploymentPostprocessing = 0;
		};
		FA7BBFA025D9B87900478EEA /* Frameworks */ = {
			isa = PBXFrameworksBuildPhase;
			buildActionMask = 2147483647;
			files = (
			);
			runOnlyForDeploymentPostprocessing = 0;
		};
/* End PBXFrameworksBuildPhase section */

/* Begin PBXGroup section */
		FA7BBF7925D9B87600478EEA = {
			isa = PBXGroup;
			children = (
				FA7BBF8425D9B87600478EEA /* Slot Machine */,
				FA7BBF9B25D9B87900478EEA /* Slot MachineTests */,
				FA7BBFA625D9B87900478EEA /* Slot MachineUITests */,
				FA7BBF8325D9B87600478EEA /* Products */,
			);
			sourceTree = "<group>";
		};
		FA7BBF8325D9B87600478EEA /* Products */ = {
			isa = PBXGroup;
			children = (
				FA7BBF8225D9B87600478EEA /* Slot Machine.app */,
				FA7BBF9825D9B87900478EEA /* Slot MachineTests.xctest */,
				FA7BBFA325D9B87900478EEA /* Slot MachineUITests.xctest */,
			);
			name = Products;
			sourceTree = "<group>";
		};
		FA7BBF8425D9B87600478EEA /* Slot Machine */ = {
			isa = PBXGroup;
			children = (
				FAB1978425E146B3000815C2 /* Views */,
				FAB1978825E146DA000815C2 /* Helpers */,
				FAB1977025E14670000815C2 /* Sounds */,
				FA7BBF8525D9B87600478EEA /* AppDelegate.swift */,
				FA7BBF8725D9B87600478EEA /* SceneDelegate.swift */,
				FA7BBF8B25D9B87900478EEA /* Assets.xcassets */,
				FA7BBF9025D9B87900478EEA /* LaunchScreen.storyboard */,
				FA7BBF9325D9B87900478EEA /* Info.plist */,
				FA7BBF8D25D9B87900478EEA /* Preview Content */,
			);
			path = "Slot Machine";
			sourceTree = "<group>";
		};
		FA7BBF8D25D9B87900478EEA /* Preview Content */ = {
			isa = PBXGroup;
			children = (
				FA7BBF8E25D9B87900478EEA /* Preview Assets.xcassets */,
			);
			path = "Preview Content";
			sourceTree = "<group>";
		};
		FA7BBF9B25D9B87900478EEA /* Slot MachineTests */ = {
			isa = PBXGroup;
			children = (
				FA7BBF9C25D9B87900478EEA /* Slot_MachineTests.swift */,
				FA7BBF9E25D9B87900478EEA /* Info.plist */,
			);
			path = "Slot MachineTests";
			sourceTree = "<group>";
		};
		FA7BBFA625D9B87900478EEA /* Slot MachineUITests */ = {
			isa = PBXGroup;
			children = (
				FA7BBFA725D9B87900478EEA /* Slot_MachineUITests.swift */,
				FA7BBFA925D9B87900478EEA /* Info.plist */,
			);
			path = "Slot MachineUITests";
			sourceTree = "<group>";
		};
		FAB1977025E14670000815C2 /* Sounds */ = {
			isa = PBXGroup;
			children = (
				FAB1977125E14670000815C2 /* background-music.mp3 */,
				FAB1977225E14670000815C2 /* chimeup.mp3 */,
				FAB1977325E14670000815C2 /* casino-chips.mp3 */,
				FAB1977425E14670000815C2 /* spin.mp3 */,
				FAB1977525E14670000815C2 /* win.mp3 */,
				FAB1977625E14670000815C2 /* game-over.mp3 */,
				FAB1977725E14670000815C2 /* high-score.mp3 */,
				FAB1977825E14670000815C2 /* riseup.mp3 */,
			);
			path = Sounds;
			sourceTree = "<group>";
		};
		FAB1978425E146B3000815C2 /* Views */ = {
			isa = PBXGroup;
			children = (
				FA7BBF8925D9B87600478EEA /* ContentView.swift */,
				FA562ED325F645F500E23654 /* LogoView.swift */,
				FA562EE225F6870400E23654 /* ReelView.swift */,
				FA562EE725F6ACC800E23654 /* InfoView.swift */,
			);
			path = Views;
			sourceTree = "<group>";
		};
		FAB1978825E146DA000815C2 /* Helpers */ = {
			isa = PBXGroup;
			children = (
				FA562ED825F646D200E23654 /* Modifiers.swift */,
				FA562EDD25F65CC500E23654 /* Extensions.swift */,
			);
			path = Helpers;
			sourceTree = "<group>";
		};
/* End PBXGroup section */

/* Begin PBXNativeTarget section */
		FA7BBF8125D9B87600478EEA /* Slot Machine */ = {
			isa = PBXNativeTarget;
			buildConfigurationList = FA7BBFAC25D9B87900478EEA /* Build configuration list for PBXNativeTarget "Slot Machine" */;
			buildPhases = (
				FA7BBF7E25D9B87600478EEA /* Sources */,
				FA7BBF7F25D9B87600478EEA /* Frameworks */,
				FA7BBF8025D9B87600478EEA /* Resources */,
			);
			buildRules = (
			);
			dependencies = (
			);
			name = "Slot Machine";
			productName = "Slot Machine";
			productReference = FA7BBF8225D9B87600478EEA /* Slot Machine.app */;
			productType = "com.apple.product-type.application";
		};
		FA7BBF9725D9B87900478EEA /* Slot MachineTests */ = {
			isa = PBXNativeTarget;
			buildConfigurationList = FA7BBFAF25D9B87900478EEA /* Build configuration list for PBXNativeTarget "Slot MachineTests" */;
			buildPhases = (
				FA7BBF9425D9B87900478EEA /* Sources */,
				FA7BBF9525D9B87900478EEA /* Frameworks */,
				FA7BBF9625D9B87900478EEA /* Resources */,
			);
			buildRules = (
			);
			dependencies = (
				FA7BBF9A25D9B87900478EEA /* PBXTargetDependency */,
			);
			name = "Slot MachineTests";
			productName = "Slot MachineTests";
			productReference = FA7BBF9825D9B87900478EEA /* Slot MachineTests.xctest */;
			productType = "com.apple.product-type.bundle.unit-test";
		};
		FA7BBFA225D9B87900478EEA /* Slot MachineUITests */ = {
			isa = PBXNativeTarget;
			buildConfigurationList = FA7BBFB225D9B87900478EEA /* Build configuration list for PBXNativeTarget "Slot MachineUITests" */;
			buildPhases = (
				FA7BBF9F25D9B87900478EEA /* Sources */,
				FA7BBFA025D9B87900478EEA /* Frameworks */,
				FA7BBFA125D9B87900478EEA /* Resources */,
			);
			buildRules = (
			);
			dependencies = (
				FA7BBFA525D9B87900478EEA /* PBXTargetDependency */,
			);
			name = "Slot MachineUITests";
			productName = "Slot MachineUITests";
			productReference = FA7BBFA325D9B87900478EEA /* Slot MachineUITests.xctest */;
			productType = "com.apple.product-type.bundle.ui-testing";
		};
/* End PBXNativeTarget section */

/* Begin PBXProject section */
		FA7BBF7A25D9B87600478EEA /* Project object */ = {
			isa = PBXProject;
			attributes = {
				LastSwiftUpdateCheck = 1220;
				LastUpgradeCheck = 1220;
				TargetAttributes = {
					FA7BBF8125D9B87600478EEA = {
						CreatedOnToolsVersion = 12.2;
					};
					FA7BBF9725D9B87900478EEA = {
						CreatedOnToolsVersion = 12.2;
						TestTargetID = FA7BBF8125D9B87600478EEA;
					};
					FA7BBFA225D9B87900478EEA = {
						CreatedOnToolsVersion = 12.2;
						TestTargetID = FA7BBF8125D9B87600478EEA;
					};
				};
			};
			buildConfigurationList = FA7BBF7D25D9B87600478EEA /* Build configuration list for PBXProject "Slot Machine" */;
			compatibilityVersion = "Xcode 9.3";
			developmentRegion = en;
			hasScannedForEncodings = 0;
			knownRegions = (
				en,
				Base,
			);
			mainGroup = FA7BBF7925D9B87600478EEA;
			productRefGroup = FA7BBF8325D9B87600478EEA /* Products */;
			projectDirPath = "";
			projectRoot = "";
			targets = (
				FA7BBF8125D9B87600478EEA /* Slot Machine */,
				FA7BBF9725D9B87900478EEA /* Slot MachineTests */,
				FA7BBFA225D9B87900478EEA /* Slot MachineUITests */,
			);
		};
/* End PBXProject section */

/* Begin PBXResourcesBuildPhase section */
		FA7BBF8025D9B87600478EEA /* Resources */ = {
			isa = PBXResourcesBuildPhase;
			buildActionMask = 2147483647;
			files = (
				FAB1977925E14670000815C2 /* background-music.mp3 in Resources */,
				FA7BBF9225D9B87900478EEA /* LaunchScreen.storyboard in Resources */,
				FA7BBF8F25D9B87900478EEA /* Preview Assets.xcassets in Resources */,
				FAB1977D25E14670000815C2 /* win.mp3 in Resources */,
				FAB1977E25E14670000815C2 /* game-over.mp3 in Resources */,
				FAB1977F25E14670000815C2 /* high-score.mp3 in Resources */,
				FAB1977C25E14670000815C2 /* spin.mp3 in Resources */,
				FAB1977A25E14670000815C2 /* chimeup.mp3 in Resources */,
				FA7BBF8C25D9B87900478EEA /* Assets.xcassets in Resources */,
				FAB1978025E14670000815C2 /* riseup.mp3 in Resources */,
				FAB1977B25E14670000815C2 /* casino-chips.mp3 in Resources */,
			);
			runOnlyForDeploymentPostprocessing = 0;
		};
		FA7BBF9625D9B87900478EEA /* Resources */ = {
			isa = PBXResourcesBuildPhase;
			buildActionMask = 2147483647;
			files = (
			);
			runOnlyForDeploymentPostprocessing = 0;
		};
		FA7BBFA125D9B87900478EEA /* Resources */ = {
			isa = PBXResourcesBuildPhase;
			buildActionMask = 2147483647;
			files = (
			);
			runOnlyForDeploymentPostprocessing = 0;
		};
/* End PBXResourcesBuildPhase section */

/* Begin PBXSourcesBuildPhase section */
		FA7BBF7E25D9B87600478EEA /* Sources */ = {
			isa = PBXSourcesBuildPhase;
			buildActionMask = 2147483647;
			files = (
				FA562EE825F6ACC800E23654 /* InfoView.swift in Sources */,
				FA7BBF8625D9B87600478EEA /* AppDelegate.swift in Sources */,
				FA562EDE25F65CC500E23654 /* Extensions.swift in Sources */,
				FA562ED425F645F500E23654 /* LogoView.swift in Sources */,
				FA7BBF8825D9B87600478EEA /* SceneDelegate.swift in Sources */,
				FA562EE325F6870400E23654 /* ReelView.swift in Sources */,
				FA7BBF8A25D9B87600478EEA /* ContentView.swift in Sources */,
				FA562ED925F646D200E23654 /* Modifiers.swift in Sources */,
			);
			runOnlyForDeploymentPostprocessing = 0;
		};
		FA7BBF9425D9B87900478EEA /* Sources */ = {
			isa = PBXSourcesBuildPhase;
			buildActionMask = 2147483647;
			files = (
				FA7BBF9D25D9B87900478EEA /* Slot_MachineTests.swift in Sources */,
			);
			runOnlyForDeploymentPostprocessing = 0;
		};
		FA7BBF9F25D9B87900478EEA /* Sources */ = {
			isa = PBXSourcesBuildPhase;
			buildActionMask = 2147483647;
			files = (
				FA7BBFA825D9B87900478EEA /* Slot_MachineUITests.swift in Sources */,
			);
			runOnlyForDeploymentPostprocessing = 0;
		};
/* End PBXSourcesBuildPhase section */

/* Begin PBXTargetDependency section */
		FA7BBF9A25D9B87900478EEA /* PBXTargetDependency */ = {
			isa = PBXTargetDependency;
			target = FA7BBF8125D9B87600478EEA /* Slot Machine */;
			targetProxy = FA7BBF9925D9B87900478EEA /* PBXContainerItemProxy */;
		};
		FA7BBFA525D9B87900478EEA /* PBXTargetDependency */ = {
			isa = PBXTargetDependency;
			target = FA7BBF8125D9B87600478EEA /* Slot Machine */;
			targetProxy = FA7BBFA425D9B87900478EEA /* PBXContainerItemProxy */;
		};
/* End PBXTargetDependency section */

/* Begin PBXVariantGroup section */
		FA7BBF9025D9B87900478EEA /* LaunchScreen.storyboard */ = {
			isa = PBXVariantGroup;
			children = (
				FA7BBF9125D9B87900478EEA /* Base */,
			);
			name = LaunchScreen.storyboard;
			sourceTree = "<group>";
		};
/* End PBXVariantGroup section */

/* Begin XCBuildConfiguration section */
		FA7BBFAA25D9B87900478EEA /* Debug */ = {
			isa = XCBuildConfiguration;
			buildSettings = {
				ALWAYS_SEARCH_USER_PATHS = NO;
				CLANG_ANALYZER_NONNULL = YES;
				CLANG_ANALYZER_NUMBER_OBJECT_CONVERSION = YES_AGGRESSIVE;
				CLANG_CXX_LANGUAGE_STANDARD = "gnu++14";
				CLANG_CXX_LIBRARY = "libc++";
				CLANG_ENABLE_MODULES = YES;
				CLANG_ENABLE_OBJC_ARC = YES;
				CLANG_ENABLE_OBJC_WEAK = YES;
				CLANG_WARN_BLOCK_CAPTURE_AUTORELEASING = YES;
				CLANG_WARN_BOOL_CONVERSION = YES;
				CLANG_WARN_COMMA = YES;
				CLANG_WARN_CONSTANT_CONVERSION = YES;
				CLANG_WARN_DEPRECATED_OBJC_IMPLEMENTATIONS = YES;
				CLANG_WARN_DIRECT_OBJC_ISA_USAGE = YES_ERROR;
				CLANG_WARN_DOCUMENTATION_COMMENTS = YES;
				CLANG_WARN_EMPTY_BODY = YES;
				CLANG_WARN_ENUM_CONVERSION = YES;
				CLANG_WARN_INFINITE_RECURSION = YES;
				CLANG_WARN_INT_CONVERSION = YES;
				CLANG_WARN_NON_LITERAL_NULL_CONVERSION = YES;
				CLANG_WARN_OBJC_IMPLICIT_RETAIN_SELF = YES;
				CLANG_WARN_OBJC_LITERAL_CONVERSION = YES;
				CLANG_WARN_OBJC_ROOT_CLASS = YES_ERROR;
				CLANG_WARN_QUOTED_INCLUDE_IN_FRAMEWORK_HEADER = YES;
				CLANG_WARN_RANGE_LOOP_ANALYSIS = YES;
				CLANG_WARN_STRICT_PROTOTYPES = YES;
				CLANG_WARN_SUSPICIOUS_MOVE = YES;
				CLANG_WARN_UNGUARDED_AVAILABILITY = YES_AGGRESSIVE;
				CLANG_WARN_UNREACHABLE_CODE = YES;
				CLANG_WARN__DUPLICATE_METHOD_MATCH = YES;
				COPY_PHASE_STRIP = NO;
				DEBUG_INFORMATION_FORMAT = dwarf;
				ENABLE_STRICT_OBJC_MSGSEND = YES;
				ENABLE_TESTABILITY = YES;
				GCC_C_LANGUAGE_STANDARD = gnu11;
				GCC_DYNAMIC_NO_PIC = NO;
				GCC_NO_COMMON_BLOCKS = YES;
				GCC_OPTIMIZATION_LEVEL = 0;
				GCC_PREPROCESSOR_DEFINITIONS = (
					"DEBUG=1",
					"$(inherited)",
				);
				GCC_WARN_64_TO_32_BIT_CONVERSION = YES;
				GCC_WARN_ABOUT_RETURN_TYPE = YES_ERROR;
				GCC_WARN_UNDECLARED_SELECTOR = YES;
				GCC_WARN_UNINITIALIZED_AUTOS = YES_AGGRESSIVE;
				GCC_WARN_UNUSED_FUNCTION = YES;
				GCC_WARN_UNUSED_VARIABLE = YES;
				IPHONEOS_DEPLOYMENT_TARGET = 14.2;
				MTL_ENABLE_DEBUG_INFO = INCLUDE_SOURCE;
				MTL_FAST_MATH = YES;
				ONLY_ACTIVE_ARCH = YES;
				SDKROOT = iphoneos;
				SWIFT_ACTIVE_COMPILATION_CONDITIONS = DEBUG;
				SWIFT_OPTIMIZATION_LEVEL = "-Onone";
			};
			name = Debug;
		};
		FA7BBFAB25D9B87900478EEA /* Release */ = {
			isa = XCBuildConfiguration;
			buildSettings = {
				ALWAYS_SEARCH_USER_PATHS = NO;
				CLANG_ANALYZER_NONNULL = YES;
				CLANG_ANALYZER_NUMBER_OBJECT_CONVERSION = YES_AGGRESSIVE;
				CLANG_CXX_LANGUAGE_STANDARD = "gnu++14";
				CLANG_CXX_LIBRARY = "libc++";
				CLANG_ENABLE_MODULES = YES;
				CLANG_ENABLE_OBJC_ARC = YES;
				CLANG_ENABLE_OBJC_WEAK = YES;
				CLANG_WARN_BLOCK_CAPTURE_AUTORELEASING = YES;
				CLANG_WARN_BOOL_CONVERSION = YES;
				CLANG_WARN_COMMA = YES;
				CLANG_WARN_CONSTANT_CONVERSION = YES;
				CLANG_WARN_DEPRECATED_OBJC_IMPLEMENTATIONS = YES;
				CLANG_WARN_DIRECT_OBJC_ISA_USAGE = YES_ERROR;
				CLANG_WARN_DOCUMENTATION_COMMENTS = YES;
				CLANG_WARN_EMPTY_BODY = YES;
				CLANG_WARN_ENUM_CONVERSION = YES;
				CLANG_WARN_INFINITE_RECURSION = YES;
				CLANG_WARN_INT_CONVERSION = YES;
				CLANG_WARN_NON_LITERAL_NULL_CONVERSION = YES;
				CLANG_WARN_OBJC_IMPLICIT_RETAIN_SELF = YES;
				CLANG_WARN_OBJC_LITERAL_CONVERSION = YES;
				CLANG_WARN_OBJC_ROOT_CLASS = YES_ERROR;
				CLANG_WARN_QUOTED_INCLUDE_IN_FRAMEWORK_HEADER = YES;
				CLANG_WARN_RANGE_LOOP_ANALYSIS = YES;
				CLANG_WARN_STRICT_PROTOTYPES = YES;
				CLANG_WARN_SUSPICIOUS_MOVE = YES;
				CLANG_WARN_UNGUARDED_AVAILABILITY = YES_AGGRESSIVE;
				CLANG_WARN_UNREACHABLE_CODE = YES;
				CLANG_WARN__DUPLICATE_METHOD_MATCH = YES;
				COPY_PHASE_STRIP = NO;
				DEBUG_INFORMATION_FORMAT = "dwarf-with-dsym";
				ENABLE_NS_ASSERTIONS = NO;
				ENABLE_STRICT_OBJC_MSGSEND = YES;
				GCC_C_LANGUAGE_STANDARD = gnu11;
				GCC_NO_COMMON_BLOCKS = YES;
				GCC_WARN_64_TO_32_BIT_CONVERSION = YES;
				GCC_WARN_ABOUT_RETURN_TYPE = YES_ERROR;
				GCC_WARN_UNDECLARED_SELECTOR = YES;
				GCC_WARN_UNINITIALIZED_AUTOS = YES_AGGRESSIVE;
				GCC_WARN_UNUSED_FUNCTION = YES;
				GCC_WARN_UNUSED_VARIABLE = YES;
				IPHONEOS_DEPLOYMENT_TARGET = 14.2;
				MTL_ENABLE_DEBUG_INFO = NO;
				MTL_FAST_MATH = YES;
				SDKROOT = iphoneos;
				SWIFT_COMPILATION_MODE = wholemodule;
				SWIFT_OPTIMIZATION_LEVEL = "-O";
				VALIDATE_PRODUCT = YES;
			};
			name = Release;
		};
		FA7BBFAD25D9B87900478EEA /* Debug */ = {
			isa = XCBuildConfiguration;
			buildSettings = {
				ASSETCATALOG_COMPILER_APPICON_NAME = AppIcon;
				ASSETCATALOG_COMPILER_GLOBAL_ACCENT_COLOR_NAME = AccentColor;
				CODE_SIGN_STYLE = Automatic;
				DEVELOPMENT_ASSET_PATHS = "\"Slot Machine/Preview Content\"";
				ENABLE_PREVIEWS = YES;
				INFOPLIST_FILE = "Slot Machine/Info.plist";
				LD_RUNPATH_SEARCH_PATHS = (
					"$(inherited)",
					"@executable_path/Frameworks",
				);
				PRODUCT_BUNDLE_IDENTIFIER = "SlotMachineSwiftUi.Slot-Machine";
				PRODUCT_NAME = "$(TARGET_NAME)";
				SWIFT_VERSION = 5.0;
				TARGETED_DEVICE_FAMILY = "1,2";
			};
			name = Debug;
		};
		FA7BBFAE25D9B87900478EEA /* Release */ = {
			isa = XCBuildConfiguration;
			buildSettings = {
				ASSETCATALOG_COMPILER_APPICON_NAME = AppIcon;
				ASSETCATALOG_COMPILER_GLOBAL_ACCENT_COLOR_NAME = AccentColor;
				CODE_SIGN_STYLE = Automatic;
				DEVELOPMENT_ASSET_PATHS = "\"Slot Machine/Preview Content\"";
				ENABLE_PREVIEWS = YES;
				INFOPLIST_FILE = "Slot Machine/Info.plist";
				LD_RUNPATH_SEARCH_PATHS = (
					"$(inherited)",
					"@executable_path/Frameworks",
				);
				PRODUCT_BUNDLE_IDENTIFIER = "SlotMachineSwiftUi.Slot-Machine";
				PRODUCT_NAME = "$(TARGET_NAME)";
				SWIFT_VERSION = 5.0;
				TARGETED_DEVICE_FAMILY = "1,2";
			};
			name = Release;
		};
		FA7BBFB025D9B87900478EEA /* Debug */ = {
			isa = XCBuildConfiguration;
			buildSettings = {
				ALWAYS_EMBED_SWIFT_STANDARD_LIBRARIES = YES;
				BUNDLE_LOADER = "$(TEST_HOST)";
				CODE_SIGN_STYLE = Automatic;
				INFOPLIST_FILE = "Slot MachineTests/Info.plist";
				IPHONEOS_DEPLOYMENT_TARGET = 14.2;
				LD_RUNPATH_SEARCH_PATHS = (
					"$(inherited)",
					"@executable_path/Frameworks",
					"@loader_path/Frameworks",
				);
				PRODUCT_BUNDLE_IDENTIFIER = "SlotMachineSwiftUi.Slot-MachineTests";
				PRODUCT_NAME = "$(TARGET_NAME)";
				SWIFT_VERSION = 5.0;
				TARGETED_DEVICE_FAMILY = "1,2";
				TEST_HOST = "$(BUILT_PRODUCTS_DIR)/Slot Machine.app/Slot Machine";
			};
			name = Debug;
		};
		FA7BBFB125D9B87900478EEA /* Release */ = {
			isa = XCBuildConfiguration;
			buildSettings = {
				ALWAYS_EMBED_SWIFT_STANDARD_LIBRARIES = YES;
				BUNDLE_LOADER = "$(TEST_HOST)";
				CODE_SIGN_STYLE = Automatic;
				INFOPLIST_FILE = "Slot MachineTests/Info.plist";
				IPHONEOS_DEPLOYMENT_TARGET = 14.2;
				LD_RUNPATH_SEARCH_PATHS = (
					"$(inherited)",
					"@executable_path/Frameworks",
					"@loader_path/Frameworks",
				);
				PRODUCT_BUNDLE_IDENTIFIER = "SlotMachineSwiftUi.Slot-MachineTests";
				PRODUCT_NAME = "$(TARGET_NAME)";
				SWIFT_VERSION = 5.0;
				TARGETED_DEVICE_FAMILY = "1,2";
				TEST_HOST = "$(BUILT_PRODUCTS_DIR)/Slot Machine.app/Slot Machine";
			};
			name = Release;
		};
		FA7BBFB325D9B87900478EEA /* Debug */ = {
			isa = XCBuildConfiguration;
			buildSettings = {
				ALWAYS_EMBED_SWIFT_STANDARD_LIBRARIES = YES;
				CODE_SIGN_STYLE = Automatic;
				INFOPLIST_FILE = "Slot MachineUITests/Info.plist";
				LD_RUNPATH_SEARCH_PATHS = (
					"$(inherited)",
					"@executable_path/Frameworks",
					"@loader_path/Frameworks",
				);
				PRODUCT_BUNDLE_IDENTIFIER = "SlotMachineSwiftUi.Slot-MachineUITests";
				PRODUCT_NAME = "$(TARGET_NAME)";
				SWIFT_VERSION = 5.0;
				TARGETED_DEVICE_FAMILY = "1,2";
				TEST_TARGET_NAME = "Slot Machine";
			};
			name = Debug;
		};
		FA7BBFB425D9B87900478EEA /* Release */ = {
			isa = XCBuildConfiguration;
			buildSettings = {
				ALWAYS_EMBED_SWIFT_STANDARD_LIBRARIES = YES;
				CODE_SIGN_STYLE = Automatic;
				INFOPLIST_FILE = "Slot MachineUITests/Info.plist";
				LD_RUNPATH_SEARCH_PATHS = (
					"$(inherited)",
					"@executable_path/Frameworks",
					"@loader_path/Frameworks",
				);
				PRODUCT_BUNDLE_IDENTIFIER = "SlotMachineSwiftUi.Slot-MachineUITests";
				PRODUCT_NAME = "$(TARGET_NAME)";
				SWIFT_VERSION = 5.0;
				TARGETED_DEVICE_FAMILY = "1,2";
				TEST_TARGET_NAME = "Slot Machine";
			};
			name = Release;
		};
/* End XCBuildConfiguration section */

/* Begin XCConfigurationList section */
		FA7BBF7D25D9B87600478EEA /* Build configuration list for PBXProject "Slot Machine" */ = {
			isa = XCConfigurationList;
			buildConfigurations = (
				FA7BBFAA25D9B87900478EEA /* Debug */,
				FA7BBFAB25D9B87900478EEA /* Release */,
			);
			defaultConfigurationIsVisible = 0;
			defaultConfigurationName = Release;
		};
		FA7BBFAC25D9B87900478EEA /* Build configuration list for PBXNativeTarget "Slot Machine" */ = {
			isa = XCConfigurationList;
			buildConfigurations = (
				FA7BBFAD25D9B87900478EEA /* Debug */,
				FA7BBFAE25D9B87900478EEA /* Release */,
			);
			defaultConfigurationIsVisible = 0;
			defaultConfigurationName = Release;
		};
		FA7BBFAF25D9B87900478EEA /* Build configuration list for PBXNativeTarget "Slot MachineTests" */ = {
			isa = XCConfigurationList;
			buildConfigurations = (
				FA7BBFB025D9B87900478EEA /* Debug */,
				FA7BBFB125D9B87900478EEA /* Release */,
			);
			defaultConfigurationIsVisible = 0;
			defaultConfigurationName = Release;
		};
		FA7BBFB225D9B87900478EEA /* Build configuration list for PBXNativeTarget "Slot MachineUITests" */ = {
			isa = XCConfigurationList;
			buildConfigurations = (
				FA7BBFB325D9B87900478EEA /* Debug */,
				FA7BBFB425D9B87900478EEA /* Release */,
			);
			defaultConfigurationIsVisible = 0;
			defaultConfigurationName = Release;
		};
/* End XCConfigurationList section */
	};
	rootObject = FA7BBF7A25D9B87600478EEA /* Project object */;
}
